// !$*UTF8*$!
{
	archiveVersion = 1;
	classes = {
	};
	objectVersion = 55;
	objects = {

/* Begin PBXBuildFile section */
		4CF29A8A6B7C8E63291C0A0C /* Pods_IMusic.framework in Frameworks */ = {isa = PBXBuildFile; fileRef = 4B02D6AA926704D52D2CAFAD /* Pods_IMusic.framework */; };
		74090226272AC92F00665E39 /* SearchResponse.swift in Sources */ = {isa = PBXBuildFile; fileRef = 74090225272AC92F00665E39 /* SearchResponse.swift */; };
		74090228272AD73700665E39 /* NetworkService.swift in Sources */ = {isa = PBXBuildFile; fileRef = 74090227272AD73700665E39 /* NetworkService.swift */; };
		7409FCF32739AB7D002EA2B5 /* URLImage in Frameworks */ = {isa = PBXBuildFile; productRef = 7409FCF22739AB7D002EA2B5 /* URLImage */; };
		7409FCF52739AB7D002EA2B5 /* URLImageStore in Frameworks */ = {isa = PBXBuildFile; productRef = 7409FCF42739AB7D002EA2B5 /* URLImageStore */; };
		743BC5CC272BD9A60001465D /* SearchPresenter.swift in Sources */ = {isa = PBXBuildFile; fileRef = 743BC5C5272BD9A60001465D /* SearchPresenter.swift */; };
		743BC5CD272BD9A60001465D /* SearchWorker.swift in Sources */ = {isa = PBXBuildFile; fileRef = 743BC5C6272BD9A60001465D /* SearchWorker.swift */; };
		743BC5CE272BD9A60001465D /* SearchRouter.swift in Sources */ = {isa = PBXBuildFile; fileRef = 743BC5C7272BD9A60001465D /* SearchRouter.swift */; };
		743BC5CF272BD9A60001465D /* SearchModels.swift in Sources */ = {isa = PBXBuildFile; fileRef = 743BC5C8272BD9A60001465D /* SearchModels.swift */; };
		743BC5D0272BD9A60001465D /* SearchViewController.swift in Sources */ = {isa = PBXBuildFile; fileRef = 743BC5C9272BD9A60001465D /* SearchViewController.swift */; };
		743BC5D1272BD9A60001465D /* SearchInteractor.swift in Sources */ = {isa = PBXBuildFile; fileRef = 743BC5CA272BD9A60001465D /* SearchInteractor.swift */; };
		743BC5FF272C3E2D0001465D /* SearchViewController.storyboard in Resources */ = {isa = PBXBuildFile; fileRef = 743BC5FE272C3E2D0001465D /* SearchViewController.storyboard */; };
		743BC601272C40F70001465D /* UIViewController + Storyboard.swift in Sources */ = {isa = PBXBuildFile; fileRef = 743BC600272C40F70001465D /* UIViewController + Storyboard.swift */; };
		744CAE2B27312E2400573670 /* CMTime + Extension.swift in Sources */ = {isa = PBXBuildFile; fileRef = 744CAE2A27312E2400573670 /* CMTime + Extension.swift */; };
		744FE9662732C1440006FCBA /* Nib.swift in Sources */ = {isa = PBXBuildFile; fileRef = 744FE9652732C1440006FCBA /* Nib.swift */; };
		745AE3122739709A00796F0B /* UserDefaults + Extension.swift in Sources */ = {isa = PBXBuildFile; fileRef = 745AE3112739709A00796F0B /* UserDefaults + Extension.swift */; };
		749AAACC27351AE7000607E8 /* Library.swift in Sources */ = {isa = PBXBuildFile; fileRef = 749AAACB27351AE7000607E8 /* Library.swift */; };
		74B28BC527300A6400EEBF37 /* FooterView.swift in Sources */ = {isa = PBXBuildFile; fileRef = 74B28BC427300A6400EEBF37 /* FooterView.swift */; };
		74B28BC82730202D00EEBF37 /* TrackDetailView.xib in Resources */ = {isa = PBXBuildFile; fileRef = 74B28BC72730202D00EEBF37 /* TrackDetailView.xib */; };
		74B28BCA2730203900EEBF37 /* TrackDetailView.swift in Sources */ = {isa = PBXBuildFile; fileRef = 74B28BC92730203900EEBF37 /* TrackDetailView.swift */; };
		74B8E8D1272EE8D900C0F7D2 /* TrackCell.xib in Resources */ = {isa = PBXBuildFile; fileRef = 74B8E8D0272EE8D900C0F7D2 /* TrackCell.xib */; };
		74B8E8D3272EE90000C0F7D2 /* TrackCell.swift in Sources */ = {isa = PBXBuildFile; fileRef = 74B8E8D2272EE90000C0F7D2 /* TrackCell.swift */; };
		74C936BE2734186B00EEAB83 /* AnimationConfig.swift in Sources */ = {isa = PBXBuildFile; fileRef = 74C936BD2734186B00EEAB83 /* AnimationConfig.swift */; };
		74E7A75A2729ADF500C65617 /* AppDelegate.swift in Sources */ = {isa = PBXBuildFile; fileRef = 74E7A7592729ADF500C65617 /* AppDelegate.swift */; };
		74E7A75C2729ADF500C65617 /* SceneDelegate.swift in Sources */ = {isa = PBXBuildFile; fileRef = 74E7A75B2729ADF500C65617 /* SceneDelegate.swift */; };
		74E7A7612729ADF600C65617 /* Main.storyboard in Resources */ = {isa = PBXBuildFile; fileRef = 74E7A75F2729ADF500C65617 /* Main.storyboard */; };
		74E7A7632729AE0800C65617 /* Assets.xcassets in Resources */ = {isa = PBXBuildFile; fileRef = 74E7A7622729AE0800C65617 /* Assets.xcassets */; };
		74E7A7662729AE0800C65617 /* LaunchScreen.storyboard in Resources */ = {isa = PBXBuildFile; fileRef = 74E7A7642729AE0800C65617 /* LaunchScreen.storyboard */; };
		74E7A76E2729AE3E00C65617 /* MainTabBarController.swift in Sources */ = {isa = PBXBuildFile; fileRef = 74E7A76D2729AE3E00C65617 /* MainTabBarController.swift */; };
		74E7A7702729B1E800C65617 /* SearchMusicViewController.swift in Sources */ = {isa = PBXBuildFile; fileRef = 74E7A76F2729B1E800C65617 /* SearchMusicViewController.swift */; };
		74FF2CB5273A6F740097276A /* LibraryCell.swift in Sources */ = {isa = PBXBuildFile; fileRef = 74FF2CB4273A6F740097276A /* LibraryCell.swift */; };
/* End PBXBuildFile section */

/* Begin PBXFileReference section */
		234645195F4B62E8C8ED4F17 /* Pods-IMusic.release.xcconfig */ = {isa = PBXFileReference; includeInIndex = 1; lastKnownFileType = text.xcconfig; name = "Pods-IMusic.release.xcconfig"; path = "Target Support Files/Pods-IMusic/Pods-IMusic.release.xcconfig"; sourceTree = "<group>"; };
		4B02D6AA926704D52D2CAFAD /* Pods_IMusic.framework */ = {isa = PBXFileReference; explicitFileType = wrapper.framework; includeInIndex = 0; path = Pods_IMusic.framework; sourceTree = BUILT_PRODUCTS_DIR; };
		74090225272AC92F00665E39 /* SearchResponse.swift */ = {isa = PBXFileReference; lastKnownFileType = sourcecode.swift; path = SearchResponse.swift; sourceTree = "<group>"; };
		74090227272AD73700665E39 /* NetworkService.swift */ = {isa = PBXFileReference; lastKnownFileType = sourcecode.swift; path = NetworkService.swift; sourceTree = "<group>"; };
		743BC5C5272BD9A60001465D /* SearchPresenter.swift */ = {isa = PBXFileReference; lastKnownFileType = sourcecode.swift; path = SearchPresenter.swift; sourceTree = "<group>"; };
		743BC5C6272BD9A60001465D /* SearchWorker.swift */ = {isa = PBXFileReference; lastKnownFileType = sourcecode.swift; path = SearchWorker.swift; sourceTree = "<group>"; };
		743BC5C7272BD9A60001465D /* SearchRouter.swift */ = {isa = PBXFileReference; lastKnownFileType = sourcecode.swift; path = SearchRouter.swift; sourceTree = "<group>"; };
		743BC5C8272BD9A60001465D /* SearchModels.swift */ = {isa = PBXFileReference; lastKnownFileType = sourcecode.swift; path = SearchModels.swift; sourceTree = "<group>"; };
		743BC5C9272BD9A60001465D /* SearchViewController.swift */ = {isa = PBXFileReference; lastKnownFileType = sourcecode.swift; path = SearchViewController.swift; sourceTree = "<group>"; };
		743BC5CA272BD9A60001465D /* SearchInteractor.swift */ = {isa = PBXFileReference; lastKnownFileType = sourcecode.swift; path = SearchInteractor.swift; sourceTree = "<group>"; };
		743BC5FE272C3E2D0001465D /* SearchViewController.storyboard */ = {isa = PBXFileReference; lastKnownFileType = file.storyboard; path = SearchViewController.storyboard; sourceTree = "<group>"; };
		743BC600272C40F70001465D /* UIViewController + Storyboard.swift */ = {isa = PBXFileReference; lastKnownFileType = sourcecode.swift; path = "UIViewController + Storyboard.swift"; sourceTree = "<group>"; };
		744CAE2A27312E2400573670 /* CMTime + Extension.swift */ = {isa = PBXFileReference; lastKnownFileType = sourcecode.swift; path = "CMTime + Extension.swift"; sourceTree = "<group>"; };
		744FE9652732C1440006FCBA /* Nib.swift */ = {isa = PBXFileReference; lastKnownFileType = sourcecode.swift; path = Nib.swift; sourceTree = "<group>"; };
		745AE3112739709A00796F0B /* UserDefaults + Extension.swift */ = {isa = PBXFileReference; lastKnownFileType = sourcecode.swift; path = "UserDefaults + Extension.swift"; sourceTree = "<group>"; };
		749AAACB27351AE7000607E8 /* Library.swift */ = {isa = PBXFileReference; lastKnownFileType = sourcecode.swift; path = Library.swift; sourceTree = "<group>"; };
		74B28BC427300A6400EEBF37 /* FooterView.swift */ = {isa = PBXFileReference; lastKnownFileType = sourcecode.swift; path = FooterView.swift; sourceTree = "<group>"; };
		74B28BC72730202D00EEBF37 /* TrackDetailView.xib */ = {isa = PBXFileReference; lastKnownFileType = file.xib; path = TrackDetailView.xib; sourceTree = "<group>"; };
		74B28BC92730203900EEBF37 /* TrackDetailView.swift */ = {isa = PBXFileReference; lastKnownFileType = sourcecode.swift; path = TrackDetailView.swift; sourceTree = "<group>"; };
		74B8E8D0272EE8D900C0F7D2 /* TrackCell.xib */ = {isa = PBXFileReference; lastKnownFileType = file.xib; path = TrackCell.xib; sourceTree = "<group>"; };
		74B8E8D2272EE90000C0F7D2 /* TrackCell.swift */ = {isa = PBXFileReference; lastKnownFileType = sourcecode.swift; path = TrackCell.swift; sourceTree = "<group>"; };
		74C936BD2734186B00EEAB83 /* AnimationConfig.swift */ = {isa = PBXFileReference; lastKnownFileType = sourcecode.swift; path = AnimationConfig.swift; sourceTree = "<group>"; };
		74E7A7562729ADF500C65617 /* IMusic.app */ = {isa = PBXFileReference; explicitFileType = wrapper.application; includeInIndex = 0; path = IMusic.app; sourceTree = BUILT_PRODUCTS_DIR; };
		74E7A7592729ADF500C65617 /* AppDelegate.swift */ = {isa = PBXFileReference; lastKnownFileType = sourcecode.swift; path = AppDelegate.swift; sourceTree = "<group>"; };
		74E7A75B2729ADF500C65617 /* SceneDelegate.swift */ = {isa = PBXFileReference; lastKnownFileType = sourcecode.swift; path = SceneDelegate.swift; sourceTree = "<group>"; };
		74E7A7602729ADF600C65617 /* Base */ = {isa = PBXFileReference; lastKnownFileType = file.storyboard; name = Base; path = Base.lproj/Main.storyboard; sourceTree = "<group>"; };
		74E7A7622729AE0800C65617 /* Assets.xcassets */ = {isa = PBXFileReference; lastKnownFileType = folder.assetcatalog; path = Assets.xcassets; sourceTree = "<group>"; };
		74E7A7652729AE0800C65617 /* Base */ = {isa = PBXFileReference; lastKnownFileType = file.storyboard; name = Base; path = Base.lproj/LaunchScreen.storyboard; sourceTree = "<group>"; };
		74E7A7672729AE0800C65617 /* Info.plist */ = {isa = PBXFileReference; lastKnownFileType = text.plist.xml; path = Info.plist; sourceTree = "<group>"; };
		74E7A76D2729AE3E00C65617 /* MainTabBarController.swift */ = {isa = PBXFileReference; lastKnownFileType = sourcecode.swift; path = MainTabBarController.swift; sourceTree = "<group>"; };
		74E7A76F2729B1E800C65617 /* SearchMusicViewController.swift */ = {isa = PBXFileReference; lastKnownFileType = sourcecode.swift; path = SearchMusicViewController.swift; sourceTree = "<group>"; };
		74FF2CB4273A6F740097276A /* LibraryCell.swift */ = {isa = PBXFileReference; lastKnownFileType = sourcecode.swift; path = LibraryCell.swift; sourceTree = "<group>"; };
		EB3CBAC60FEC4B2D03CD16D3 /* Pods-IMusic.debug.xcconfig */ = {isa = PBXFileReference; includeInIndex = 1; lastKnownFileType = text.xcconfig; name = "Pods-IMusic.debug.xcconfig"; path = "Target Support Files/Pods-IMusic/Pods-IMusic.debug.xcconfig"; sourceTree = "<group>"; };
/* End PBXFileReference section */

/* Begin PBXFrameworksBuildPhase section */
		74E7A7532729ADF500C65617 /* Frameworks */ = {
			isa = PBXFrameworksBuildPhase;
			buildActionMask = 2147483647;
			files = (
				7409FCF32739AB7D002EA2B5 /* URLImage in Frameworks */,
				7409FCF52739AB7D002EA2B5 /* URLImageStore in Frameworks */,
				4CF29A8A6B7C8E63291C0A0C /* Pods_IMusic.framework in Frameworks */,
			);
			runOnlyForDeploymentPostprocessing = 0;
		};
/* End PBXFrameworksBuildPhase section */

/* Begin PBXGroup section */
		743BC5B5272BD7D50001465D /* Search */ = {
			isa = PBXGroup;
			children = (
				74B28BC62730201800EEBF37 /* TrackDetailView */,
				74B28BC327300A5400EEBF37 /* FooterView */,
				74B8E8CF272EE8BB00C0F7D2 /* Cell */,
				743BC5FE272C3E2D0001465D /* SearchViewController.storyboard */,
				743BC5C9272BD9A60001465D /* SearchViewController.swift */,
				743BC5CA272BD9A60001465D /* SearchInteractor.swift */,
				743BC5C5272BD9A60001465D /* SearchPresenter.swift */,
				743BC5C8272BD9A60001465D /* SearchModels.swift */,
				743BC5C6272BD9A60001465D /* SearchWorker.swift */,
				743BC5C7272BD9A60001465D /* SearchRouter.swift */,
			);
			path = Search;
			sourceTree = "<group>";
		};
		743BC5C4272BD9030001465D /* Services */ = {
			isa = PBXGroup;
			children = (
				74B8E8D4272EEF5E00C0F7D2 /* Models */,
				74090227272AD73700665E39 /* NetworkService.swift */,
			);
			path = Services;
			sourceTree = "<group>";
		};
		743BC602272C40FB0001465D /* Helpers */ = {
			isa = PBXGroup;
			children = (
				743BC600272C40F70001465D /* UIViewController + Storyboard.swift */,
				744CAE2A27312E2400573670 /* CMTime + Extension.swift */,
				745AE3112739709A00796F0B /* UserDefaults + Extension.swift */,
				744FE9652732C1440006FCBA /* Nib.swift */,
				74C936BD2734186B00EEAB83 /* AnimationConfig.swift */,
			);
			path = Helpers;
			sourceTree = "<group>";
		};
		74B28BC327300A5400EEBF37 /* FooterView */ = {
			isa = PBXGroup;
			children = (
				74B28BC427300A6400EEBF37 /* FooterView.swift */,
			);
			path = FooterView;
			sourceTree = "<group>";
		};
		74B28BC62730201800EEBF37 /* TrackDetailView */ = {
			isa = PBXGroup;
			children = (
				74B28BC72730202D00EEBF37 /* TrackDetailView.xib */,
				74B28BC92730203900EEBF37 /* TrackDetailView.swift */,
			);
			path = TrackDetailView;
			sourceTree = "<group>";
		};
		74B8E8CF272EE8BB00C0F7D2 /* Cell */ = {
			isa = PBXGroup;
			children = (
				74B8E8D0272EE8D900C0F7D2 /* TrackCell.xib */,
				74B8E8D2272EE90000C0F7D2 /* TrackCell.swift */,
			);
			path = Cell;
			sourceTree = "<group>";
		};
		74B8E8D4272EEF5E00C0F7D2 /* Models */ = {
			isa = PBXGroup;
			children = (
				74090225272AC92F00665E39 /* SearchResponse.swift */,
			);
			path = Models;
			sourceTree = "<group>";
		};
		74E7A74D2729ADF500C65617 = {
			isa = PBXGroup;
			children = (
				74E7A7582729ADF500C65617 /* IMusic */,
				74E7A7572729ADF500C65617 /* Products */,
				C78229004FF811549D3ECCA6 /* Pods */,
				826E5E2829A65FE2D8404653 /* Frameworks */,
			);
			sourceTree = "<group>";
		};
		74E7A7572729ADF500C65617 /* Products */ = {
			isa = PBXGroup;
			children = (
				74E7A7562729ADF500C65617 /* IMusic.app */,
			);
			name = Products;
			sourceTree = "<group>";
		};
		74E7A7582729ADF500C65617 /* IMusic */ = {
			isa = PBXGroup;
			children = (
				74E7A7592729ADF500C65617 /* AppDelegate.swift */,
				74E7A75B2729ADF500C65617 /* SceneDelegate.swift */,
				74E7A76D2729AE3E00C65617 /* MainTabBarController.swift */,
				74E7A76F2729B1E800C65617 /* SearchMusicViewController.swift */,
				743BC5C4272BD9030001465D /* Services */,
				74FF2CB3273A6F460097276A /* Library */,
				743BC5B5272BD7D50001465D /* Search */,
				743BC602272C40FB0001465D /* Helpers */,
				74E7A75F2729ADF500C65617 /* Main.storyboard */,
				74E7A7642729AE0800C65617 /* LaunchScreen.storyboard */,
				74E7A7622729AE0800C65617 /* Assets.xcassets */,
				74E7A7672729AE0800C65617 /* Info.plist */,
			);
			path = IMusic;
			sourceTree = "<group>";
		};
		74FF2CB3273A6F460097276A /* Library */ = {
			isa = PBXGroup;
			children = (
				749AAACB27351AE7000607E8 /* Library.swift */,
				74FF2CB4273A6F740097276A /* LibraryCell.swift */,
			);
			path = Library;
			sourceTree = "<group>";
		};
		826E5E2829A65FE2D8404653 /* Frameworks */ = {
			isa = PBXGroup;
			children = (
				4B02D6AA926704D52D2CAFAD /* Pods_IMusic.framework */,
			);
			name = Frameworks;
			sourceTree = "<group>";
		};
		C78229004FF811549D3ECCA6 /* Pods */ = {
			isa = PBXGroup;
			children = (
				EB3CBAC60FEC4B2D03CD16D3 /* Pods-IMusic.debug.xcconfig */,
				234645195F4B62E8C8ED4F17 /* Pods-IMusic.release.xcconfig */,
			);
			path = Pods;
			sourceTree = "<group>";
		};
/* End PBXGroup section */

/* Begin PBXNativeTarget section */
		74E7A7552729ADF500C65617 /* IMusic */ = {
			isa = PBXNativeTarget;
			buildConfigurationList = 74E7A76A2729AE0900C65617 /* Build configuration list for PBXNativeTarget "IMusic" */;
			buildPhases = (
				2BFBEF35B8EEBF0451EC91EC /* [CP] Check Pods Manifest.lock */,
				74E7A7522729ADF500C65617 /* Sources */,
				74E7A7532729ADF500C65617 /* Frameworks */,
				74E7A7542729ADF500C65617 /* Resources */,
				163606D39E988D0138F9206E /* [CP] Embed Pods Frameworks */,
			);
			buildRules = (
			);
			dependencies = (
			);
			name = IMusic;
			packageProductDependencies = (
				7409FCF22739AB7D002EA2B5 /* URLImage */,
				7409FCF42739AB7D002EA2B5 /* URLImageStore */,
			);
			productName = IMusic;
			productReference = 74E7A7562729ADF500C65617 /* IMusic.app */;
			productType = "com.apple.product-type.application";
		};
/* End PBXNativeTarget section */

/* Begin PBXProject section */
		74E7A74E2729ADF500C65617 /* Project object */ = {
			isa = PBXProject;
			attributes = {
				BuildIndependentTargetsInParallel = 1;
				LastSwiftUpdateCheck = 1300;
				LastUpgradeCheck = 1300;
				TargetAttributes = {
					74E7A7552729ADF500C65617 = {
						CreatedOnToolsVersion = 13.0;
					};
				};
			};
			buildConfigurationList = 74E7A7512729ADF500C65617 /* Build configuration list for PBXProject "IMusic" */;
			compatibilityVersion = "Xcode 13.0";
			developmentRegion = en;
			hasScannedForEncodings = 0;
			knownRegions = (
				en,
				Base,
			);
			mainGroup = 74E7A74D2729ADF500C65617;
			packageReferences = (
				7409FCF12739AB7D002EA2B5 /* XCRemoteSwiftPackageReference "url-image" */,
			);
			productRefGroup = 74E7A7572729ADF500C65617 /* Products */;
			projectDirPath = "";
			projectRoot = "";
			targets = (
				74E7A7552729ADF500C65617 /* IMusic */,
			);
		};
/* End PBXProject section */

/* Begin PBXResourcesBuildPhase section */
		74E7A7542729ADF500C65617 /* Resources */ = {
			isa = PBXResourcesBuildPhase;
			buildActionMask = 2147483647;
			files = (
				74E7A7662729AE0800C65617 /* LaunchScreen.storyboard in Resources */,
				74B8E8D1272EE8D900C0F7D2 /* TrackCell.xib in Resources */,
				74E7A7632729AE0800C65617 /* Assets.xcassets in Resources */,
				743BC5FF272C3E2D0001465D /* SearchViewController.storyboard in Resources */,
				74B28BC82730202D00EEBF37 /* TrackDetailView.xib in Resources */,
				74E7A7612729ADF600C65617 /* Main.storyboard in Resources */,
			);
			runOnlyForDeploymentPostprocessing = 0;
		};
/* End PBXResourcesBuildPhase section */

/* Begin PBXShellScriptBuildPhase section */
		163606D39E988D0138F9206E /* [CP] Embed Pods Frameworks */ = {
			isa = PBXShellScriptBuildPhase;
			buildActionMask = 2147483647;
			files = (
			);
			inputFileListPaths = (
				"${PODS_ROOT}/Target Support Files/Pods-IMusic/Pods-IMusic-frameworks-${CONFIGURATION}-input-files.xcfilelist",
			);
			name = "[CP] Embed Pods Frameworks";
			outputFileListPaths = (
				"${PODS_ROOT}/Target Support Files/Pods-IMusic/Pods-IMusic-frameworks-${CONFIGURATION}-output-files.xcfilelist",
			);
			runOnlyForDeploymentPostprocessing = 0;
			shellPath = /bin/sh;
			shellScript = "\"${PODS_ROOT}/Target Support Files/Pods-IMusic/Pods-IMusic-frameworks.sh\"\n";
			showEnvVarsInLog = 0;
		};
		2BFBEF35B8EEBF0451EC91EC /* [CP] Check Pods Manifest.lock */ = {
			isa = PBXShellScriptBuildPhase;
			buildActionMask = 2147483647;
			files = (
			);
			inputFileListPaths = (
			);
			inputPaths = (
				"${PODS_PODFILE_DIR_PATH}/Podfile.lock",
				"${PODS_ROOT}/Manifest.lock",
			);
			name = "[CP] Check Pods Manifest.lock";
			outputFileListPaths = (
			);
			outputPaths = (
				"$(DERIVED_FILE_DIR)/Pods-IMusic-checkManifestLockResult.txt",
			);
			runOnlyForDeploymentPostprocessing = 0;
			shellPath = /bin/sh;
			shellScript = "diff \"${PODS_PODFILE_DIR_PATH}/Podfile.lock\" \"${PODS_ROOT}/Manifest.lock\" > /dev/null\nif [ $? != 0 ] ; then\n    # print error to STDERR\n    echo \"error: The sandbox is not in sync with the Podfile.lock. Run 'pod install' or update your CocoaPods installation.\" >&2\n    exit 1\nfi\n# This output is used by Xcode 'outputs' to avoid re-running this script phase.\necho \"SUCCESS\" > \"${SCRIPT_OUTPUT_FILE_0}\"\n";
			showEnvVarsInLog = 0;
		};
/* End PBXShellScriptBuildPhase section */

/* Begin PBXSourcesBuildPhase section */
		74E7A7522729ADF500C65617 /* Sources */ = {
			isa = PBXSourcesBuildPhase;
			buildActionMask = 2147483647;
			files = (
				74E7A7702729B1E800C65617 /* SearchMusicViewController.swift in Sources */,
				743BC601272C40F70001465D /* UIViewController + Storyboard.swift in Sources */,
				74090226272AC92F00665E39 /* SearchResponse.swift in Sources */,
				743BC5D1272BD9A60001465D /* SearchInteractor.swift in Sources */,
				74B28BC527300A6400EEBF37 /* FooterView.swift in Sources */,
				744CAE2B27312E2400573670 /* CMTime + Extension.swift in Sources */,
				74B8E8D3272EE90000C0F7D2 /* TrackCell.swift in Sources */,
				749AAACC27351AE7000607E8 /* Library.swift in Sources */,
				744FE9662732C1440006FCBA /* Nib.swift in Sources */,
				74E7A75A2729ADF500C65617 /* AppDelegate.swift in Sources */,
				74E7A76E2729AE3E00C65617 /* MainTabBarController.swift in Sources */,
				74FF2CB5273A6F740097276A /* LibraryCell.swift in Sources */,
				743BC5CD272BD9A60001465D /* SearchWorker.swift in Sources */,
				743BC5D0272BD9A60001465D /* SearchViewController.swift in Sources */,
				745AE3122739709A00796F0B /* UserDefaults + Extension.swift in Sources */,
				743BC5CE272BD9A60001465D /* SearchRouter.swift in Sources */,
				74C936BE2734186B00EEAB83 /* AnimationConfig.swift in Sources */,
				743BC5CF272BD9A60001465D /* SearchModels.swift in Sources */,
				74E7A75C2729ADF500C65617 /* SceneDelegate.swift in Sources */,
				743BC5CC272BD9A60001465D /* SearchPresenter.swift in Sources */,
				74B28BCA2730203900EEBF37 /* TrackDetailView.swift in Sources */,
				74090228272AD73700665E39 /* NetworkService.swift in Sources */,
			);
			runOnlyForDeploymentPostprocessing = 0;
		};
/* End PBXSourcesBuildPhase section */

/* Begin PBXVariantGroup section */
		74E7A75F2729ADF500C65617 /* Main.storyboard */ = {
			isa = PBXVariantGroup;
			children = (
				74E7A7602729ADF600C65617 /* Base */,
			);
			name = Main.storyboard;
			sourceTree = "<group>";
		};
		74E7A7642729AE0800C65617 /* LaunchScreen.storyboard */ = {
			isa = PBXVariantGroup;
			children = (
				74E7A7652729AE0800C65617 /* Base */,
			);
			name = LaunchScreen.storyboard;
			sourceTree = "<group>";
		};
/* End PBXVariantGroup section */

/* Begin XCBuildConfiguration section */
		74E7A7682729AE0900C65617 /* Debug */ = {
			isa = XCBuildConfiguration;
			buildSettings = {
				ALWAYS_SEARCH_USER_PATHS = NO;
				CLANG_ANALYZER_NONNULL = YES;
				CLANG_ANALYZER_NUMBER_OBJECT_CONVERSION = YES_AGGRESSIVE;
				CLANG_CXX_LANGUAGE_STANDARD = "gnu++17";
				CLANG_CXX_LIBRARY = "libc++";
				CLANG_ENABLE_MODULES = YES;
				CLANG_ENABLE_OBJC_ARC = YES;
				CLANG_ENABLE_OBJC_WEAK = YES;
				CLANG_WARN_BLOCK_CAPTURE_AUTORELEASING = YES;
				CLANG_WARN_BOOL_CONVERSION = YES;
				CLANG_WARN_COMMA = YES;
				CLANG_WARN_CONSTANT_CONVERSION = YES;
				CLANG_WARN_DEPRECATED_OBJC_IMPLEMENTATIONS = YES;
				CLANG_WARN_DIRECT_OBJC_ISA_USAGE = YES_ERROR;
				CLANG_WARN_DOCUMENTATION_COMMENTS = YES;
				CLANG_WARN_EMPTY_BODY = YES;
				CLANG_WARN_ENUM_CONVERSION = YES;
				CLANG_WARN_INFINITE_RECURSION = YES;
				CLANG_WARN_INT_CONVERSION = YES;
				CLANG_WARN_NON_LITERAL_NULL_CONVERSION = YES;
				CLANG_WARN_OBJC_IMPLICIT_RETAIN_SELF = YES;
				CLANG_WARN_OBJC_LITERAL_CONVERSION = YES;
				CLANG_WARN_OBJC_ROOT_CLASS = YES_ERROR;
				CLANG_WARN_QUOTED_INCLUDE_IN_FRAMEWORK_HEADER = YES;
				CLANG_WARN_RANGE_LOOP_ANALYSIS = YES;
				CLANG_WARN_STRICT_PROTOTYPES = YES;
				CLANG_WARN_SUSPICIOUS_MOVE = YES;
				CLANG_WARN_UNGUARDED_AVAILABILITY = YES_AGGRESSIVE;
				CLANG_WARN_UNREACHABLE_CODE = YES;
				CLANG_WARN__DUPLICATE_METHOD_MATCH = YES;
				COPY_PHASE_STRIP = NO;
				DEBUG_INFORMATION_FORMAT = dwarf;
				ENABLE_STRICT_OBJC_MSGSEND = YES;
				ENABLE_TESTABILITY = YES;
				GCC_C_LANGUAGE_STANDARD = gnu11;
				GCC_DYNAMIC_NO_PIC = NO;
				GCC_NO_COMMON_BLOCKS = YES;
				GCC_OPTIMIZATION_LEVEL = 0;
				GCC_PREPROCESSOR_DEFINITIONS = (
					"DEBUG=1",
					"$(inherited)",
				);
				GCC_WARN_64_TO_32_BIT_CONVERSION = YES;
				GCC_WARN_ABOUT_RETURN_TYPE = YES_ERROR;
				GCC_WARN_UNDECLARED_SELECTOR = YES;
				GCC_WARN_UNINITIALIZED_AUTOS = YES_AGGRESSIVE;
				GCC_WARN_UNUSED_FUNCTION = YES;
				GCC_WARN_UNUSED_VARIABLE = YES;
				IPHONEOS_DEPLOYMENT_TARGET = 15.0;
				MTL_ENABLE_DEBUG_INFO = INCLUDE_SOURCE;
				MTL_FAST_MATH = YES;
				ONLY_ACTIVE_ARCH = YES;
				SDKROOT = iphoneos;
				SWIFT_ACTIVE_COMPILATION_CONDITIONS = DEBUG;
				SWIFT_OPTIMIZATION_LEVEL = "-Onone";
			};
			name = Debug;
		};
		74E7A7692729AE0900C65617 /* Release */ = {
			isa = XCBuildConfiguration;
			buildSettings = {
				ALWAYS_SEARCH_USER_PATHS = NO;
				CLANG_ANALYZER_NONNULL = YES;
				CLANG_ANALYZER_NUMBER_OBJECT_CONVERSION = YES_AGGRESSIVE;
				CLANG_CXX_LANGUAGE_STANDARD = "gnu++17";
				CLANG_CXX_LIBRARY = "libc++";
				CLANG_ENABLE_MODULES = YES;
				CLANG_ENABLE_OBJC_ARC = YES;
				CLANG_ENABLE_OBJC_WEAK = YES;
				CLANG_WARN_BLOCK_CAPTURE_AUTORELEASING = YES;
				CLANG_WARN_BOOL_CONVERSION = YES;
				CLANG_WARN_COMMA = YES;
				CLANG_WARN_CONSTANT_CONVERSION = YES;
				CLANG_WARN_DEPRECATED_OBJC_IMPLEMENTATIONS = YES;
				CLANG_WARN_DIRECT_OBJC_ISA_USAGE = YES_ERROR;
				CLANG_WARN_DOCUMENTATION_COMMENTS = YES;
				CLANG_WARN_EMPTY_BODY = YES;
				CLANG_WARN_ENUM_CONVERSION = YES;
				CLANG_WARN_INFINITE_RECURSION = YES;
				CLANG_WARN_INT_CONVERSION = YES;
				CLANG_WARN_NON_LITERAL_NULL_CONVERSION = YES;
				CLANG_WARN_OBJC_IMPLICIT_RETAIN_SELF = YES;
				CLANG_WARN_OBJC_LITERAL_CONVERSION = YES;
				CLANG_WARN_OBJC_ROOT_CLASS = YES_ERROR;
				CLANG_WARN_QUOTED_INCLUDE_IN_FRAMEWORK_HEADER = YES;
				CLANG_WARN_RANGE_LOOP_ANALYSIS = YES;
				CLANG_WARN_STRICT_PROTOTYPES = YES;
				CLANG_WARN_SUSPICIOUS_MOVE = YES;
				CLANG_WARN_UNGUARDED_AVAILABILITY = YES_AGGRESSIVE;
				CLANG_WARN_UNREACHABLE_CODE = YES;
				CLANG_WARN__DUPLICATE_METHOD_MATCH = YES;
				COPY_PHASE_STRIP = NO;
				DEBUG_INFORMATION_FORMAT = "dwarf-with-dsym";
				ENABLE_NS_ASSERTIONS = NO;
				ENABLE_STRICT_OBJC_MSGSEND = YES;
				GCC_C_LANGUAGE_STANDARD = gnu11;
				GCC_NO_COMMON_BLOCKS = YES;
				GCC_WARN_64_TO_32_BIT_CONVERSION = YES;
				GCC_WARN_ABOUT_RETURN_TYPE = YES_ERROR;
				GCC_WARN_UNDECLARED_SELECTOR = YES;
				GCC_WARN_UNINITIALIZED_AUTOS = YES_AGGRESSIVE;
				GCC_WARN_UNUSED_FUNCTION = YES;
				GCC_WARN_UNUSED_VARIABLE = YES;
				IPHONEOS_DEPLOYMENT_TARGET = 15.0;
				MTL_ENABLE_DEBUG_INFO = NO;
				MTL_FAST_MATH = YES;
				SDKROOT = iphoneos;
				SWIFT_COMPILATION_MODE = wholemodule;
				SWIFT_OPTIMIZATION_LEVEL = "-O";
				VALIDATE_PRODUCT = YES;
			};
			name = Release;
		};
		74E7A76B2729AE0900C65617 /* Debug */ = {
			isa = XCBuildConfiguration;
			baseConfigurationReference = EB3CBAC60FEC4B2D03CD16D3 /* Pods-IMusic.debug.xcconfig */;
			buildSettings = {
				ASSETCATALOG_COMPILER_APPICON_NAME = AppIcon;
				ASSETCATALOG_COMPILER_GLOBAL_ACCENT_COLOR_NAME = AccentColor;
				CODE_SIGN_STYLE = Automatic;
				CURRENT_PROJECT_VERSION = 1;
				GENERATE_INFOPLIST_FILE = YES;
				INFOPLIST_FILE = IMusic/Info.plist;
				INFOPLIST_KEY_UIApplicationSupportsIndirectInputEvents = YES;
				INFOPLIST_KEY_UILaunchStoryboardName = LaunchScreen;
				INFOPLIST_KEY_UIMainStoryboardFile = Main;
				INFOPLIST_KEY_UISupportedInterfaceOrientations_iPad = "UIInterfaceOrientationPortrait UIInterfaceOrientationPortraitUpsideDown UIInterfaceOrientationLandscapeLeft UIInterfaceOrientationLandscapeRight";
				INFOPLIST_KEY_UISupportedInterfaceOrientations_iPhone = "UIInterfaceOrientationPortrait UIInterfaceOrientationLandscapeLeft UIInterfaceOrientationLandscapeRight";
				LD_RUNPATH_SEARCH_PATHS = (
					"$(inherited)",
					"@executable_path/Frameworks",
				);
				MARKETING_VERSION = 1.0;
				PRODUCT_BUNDLE_IDENTIFIER = IMusic.IMusic;
				PRODUCT_NAME = "$(TARGET_NAME)";
				SWIFT_EMIT_LOC_STRINGS = YES;
				SWIFT_VERSION = 5.0;
				TARGETED_DEVICE_FAMILY = "1,2";
			};
			name = Debug;
		};
		74E7A76C2729AE0900C65617 /* Release */ = {
			isa = XCBuildConfiguration;
			baseConfigurationReference = 234645195F4B62E8C8ED4F17 /* Pods-IMusic.release.xcconfig */;
			buildSettings = {
				ASSETCATALOG_COMPILER_APPICON_NAME = AppIcon;
				ASSETCATALOG_COMPILER_GLOBAL_ACCENT_COLOR_NAME = AccentColor;
				CODE_SIGN_STYLE = Automatic;
				CURRENT_PROJECT_VERSION = 1;
				GENERATE_INFOPLIST_FILE = YES;
				INFOPLIST_FILE = IMusic/Info.plist;
				INFOPLIST_KEY_UIApplicationSupportsIndirectInputEvents = YES;
				INFOPLIST_KEY_UILaunchStoryboardName = LaunchScreen;
				INFOPLIST_KEY_UIMainStoryboardFile = Main;
				INFOPLIST_KEY_UISupportedInterfaceOrientations_iPad = "UIInterfaceOrientationPortrait UIInterfaceOrientationPortraitUpsideDown UIInterfaceOrientationLandscapeLeft UIInterfaceOrientationLandscapeRight";
				INFOPLIST_KEY_UISupportedInterfaceOrientations_iPhone = "UIInterfaceOrientationPortrait UIInterfaceOrientationLandscapeLeft UIInterfaceOrientationLandscapeRight";
				LD_RUNPATH_SEARCH_PATHS = (
					"$(inherited)",
					"@executable_path/Frameworks",
				);
				MARKETING_VERSION = 1.0;
				PRODUCT_BUNDLE_IDENTIFIER = IMusic.IMusic;
				PRODUCT_NAME = "$(TARGET_NAME)";
				SWIFT_EMIT_LOC_STRINGS = YES;
				SWIFT_VERSION = 5.0;
				TARGETED_DEVICE_FAMILY = "1,2";
			};
			name = Release;
		};
/* End XCBuildConfiguration section */

/* Begin XCConfigurationList section */
		74E7A7512729ADF500C65617 /* Build configuration list for PBXProject "IMusic" */ = {
			isa = XCConfigurationList;
			buildConfigurations = (
				74E7A7682729AE0900C65617 /* Debug */,
				74E7A7692729AE0900C65617 /* Release */,
			);
			defaultConfigurationIsVisible = 0;
			defaultConfigurationName = Release;
		};
		74E7A76A2729AE0900C65617 /* Build configuration list for PBXNativeTarget "IMusic" */ = {
			isa = XCConfigurationList;
			buildConfigurations = (
				74E7A76B2729AE0900C65617 /* Debug */,
				74E7A76C2729AE0900C65617 /* Release */,
			);
			defaultConfigurationIsVisible = 0;
			defaultConfigurationName = Release;
		};
/* End XCConfigurationList section */

/* Begin XCRemoteSwiftPackageReference section */
		7409FCF12739AB7D002EA2B5 /* XCRemoteSwiftPackageReference "url-image" */ = {
			isa = XCRemoteSwiftPackageReference;
			repositoryURL = "https://github.com/dmytro-anokhin/url-image";
			requirement = {
				kind = upToNextMajorVersion;
				minimumVersion = 3.0.0;
			};
		};
/* End XCRemoteSwiftPackageReference section */

/* Begin XCSwiftPackageProductDependency section */
		7409FCF22739AB7D002EA2B5 /* URLImage */ = {
			isa = XCSwiftPackageProductDependency;
			package = 7409FCF12739AB7D002EA2B5 /* XCRemoteSwiftPackageReference "url-image" */;
			productName = URLImage;
		};
		7409FCF42739AB7D002EA2B5 /* URLImageStore */ = {
			isa = XCSwiftPackageProductDependency;
			package = 7409FCF12739AB7D002EA2B5 /* XCRemoteSwiftPackageReference "url-image" */;
			productName = URLImageStore;
		};
/* End XCSwiftPackageProductDependency section */
	};
	rootObject = 74E7A74E2729ADF500C65617 /* Project object */;
}
